
Microsoft Visual Studio Solution File, Format Version 12.00
# Visual Studio Version 16
VisualStudioVersion = 16.0.29326.143
MinimumVisualStudioVersion = 10.0.40219.1
Project("{FAE04EC0-301F-11D3-BF4B-00C04F79EFBC}") = "SyosetuScraper", "SyosetuScraper.csproj", "{620B725F-4E31-489C-AD95-D79851BC90DF}"
EndProject
Global
	GlobalSection(SolutionConfigurationPlatforms) = preSolution
		Debug|Any CPU = Debug|Any CPU
		Release|Any CPU = Release|Any CPU
	EndGlobalSection
	GlobalSection(ProjectConfigurationPlatforms) = postSolution
		{620B725F-4E31-489C-AD95-D79851BC90DF}.Debug|Any CPU.ActiveCfg = Debug|Any CPU
		{620B725F-4E31-489C-AD95-D79851BC90DF}.Debug|Any CPU.Build.0 = Debug|Any CPU
		{620B725F-4E31-489C-AD95-D79851BC90DF}.Release|Any CPU.ActiveCfg = Release|Any CPU
		{620B725F-4E31-489C-AD95-D79851BC90DF}.Release|Any CPU.Build.0 = Release|Any CPU
	EndGlobalSection
	GlobalSection(SolutionProperties) = preSolution
		HideSolutionNode = FALSE
	EndGlobalSection
	GlobalSection(ExtensibilityGlobals) = postSolution
		SolutionGuid = {26F47596-A27F-471F-AA9A-C6DA9606D847}
	EndGlobalSection
EndGlobal
